{
  "requires": true,
  "lockfileVersion": 1,
  "dependencies": {
    "@ionic/core": {
      "version": "5.3.4",
      "resolved": "https://registry.npmjs.org/@ionic/core/-/core-5.3.4.tgz",
      "integrity": "sha512-4UVzj+Vd7o0VJ06dReG01PvttnLLPSzUVgXSYMBKKR849Pvuh5Q9t5s4GEEQgGoxhv1S6Ai+zphWGFMvviOyfw==",
      "requires": {
        "ionicons": "^5.1.2",
        "tslib": "^1.10.0"
      },
      "dependencies": {
        "tslib": {
          "version": "1.13.0",
          "resolved": "https://registry.npmjs.org/tslib/-/tslib-1.13.0.tgz",
          "integrity": "sha512-i/6DQjL8Xf3be4K/E6Wgpekn5Qasl1usyw++dAA35Ue5orEn65VIxOA+YvNNl9HV3qv70T7CNwjODHZrLwvd1Q=="
        }
      }
    },
    "@ionic/react": {
      "version": "5.3.4",
      "resolved": "https://registry.npmjs.org/@ionic/react/-/react-5.3.4.tgz",
      "integrity": "sha512-WamqCy3Lvc4jiKY35GhJ0kaG6RTqoNsyyoR5RCILiyc+s+OlfjxiSxgfhaCqwRHUcgG0teIr1XUZJ9u4L4oaaA==",
      "requires": {
        "@ionic/core": "5.3.4",
        "ionicons": "^5.1.2",
        "tslib": "*"
      }
    },
    "ionicons": {
      "version": "5.1.2",
      "resolved": "https://registry.npmjs.org/ionicons/-/ionicons-5.1.2.tgz",
      "integrity": "sha512-zO7ZgbBbXhpA7cXO2rDzTNdcCqErjg1Sprq/ossTvaiV0MriOjRE7JO3EGvYjDTPzF9YALGpvLXqCgsRT0tprA=="
    },
    "tslib": {
      "version": "2.0.1",
      "resolved": "https://registry.npmjs.org/tslib/-/tslib-2.0.1.tgz",
      "integrity": "sha512-SgIkNheinmEBgx1IUNirK0TUD4X9yjjBRTqqjggWCU3pUEqIk3/Uwl3yRixYKT6WjQuGiwDv4NomL3wqRCj+CQ=="
    }
  }
}
